// !$*UTF8*$!
{
	archiveVersion = 1;
	classes = {
	};
	objectVersion = 48;
	objects = {

/* Begin PBXBuildFile section */
		26BD753653D6C23A3F268C8A /* Pods_CCBigBang.framework in Frameworks */ = {isa = PBXBuildFile; fileRef = 19B2D019494A087155AF63AD /* Pods_CCBigBang.framework */; };
		4501825F202005D8004CB372 /* NSString+CC_Category.m in Sources */ = {isa = PBXBuildFile; fileRef = 4501825E202005D8004CB372 /* NSString+CC_Category.m */; };
		45018260202005D8004CB372 /* NSString+CC_Category.m in Sources */ = {isa = PBXBuildFile; fileRef = 4501825E202005D8004CB372 /* NSString+CC_Category.m */; };
		451333F61FFF1961000EF74D /* HttpUtil.m in Sources */ = {isa = PBXBuildFile; fileRef = 451333F31FFF1960000EF74D /* HttpUtil.m */; };
		451333F71FFF1961000EF74D /* HttpRequest.m in Sources */ = {isa = PBXBuildFile; fileRef = 451333F51FFF1961000EF74D /* HttpRequest.m */; };
		451333FB1FFF1982000EF74D /* WordModel.m in Sources */ = {isa = PBXBuildFile; fileRef = 451333FA1FFF1982000EF74D /* WordModel.m */; };
		4513349F1FFF6A5E000EF74D /* iosjieba.bundle in Resources */ = {isa = PBXBuildFile; fileRef = 4513347C1FFF6A5E000EF74D /* iosjieba.bundle */; };
		451334A01FFF6A5E000EF74D /* Segmentor.cpp in Sources */ = {isa = PBXBuildFile; fileRef = 4513347D1FFF6A5E000EF74D /* Segmentor.cpp */; };
		451334A31FFF6C40000EF74D /* LocalSegmentor.mm in Sources */ = {isa = PBXBuildFile; fileRef = 451334A21FFF6C40000EF74D /* LocalSegmentor.mm */; };
		4525FDE41FF7CFB3006D06B8 /* WordModel.m in Sources */ = {isa = PBXBuildFile; fileRef = 4525FDE31FF7CFB3006D06B8 /* WordModel.m */; };
		4525FDE71FF7DBD7006D06B8 /* WordCell.swift in Sources */ = {isa = PBXBuildFile; fileRef = 4525FDE61FF7DBD7006D06B8 /* WordCell.swift */; };
		452FAF6C1FFB6D6700C40C88 /* PasteHistoryViewController.swift in Sources */ = {isa = PBXBuildFile; fileRef = 452FAF6B1FFB6D6700C40C88 /* PasteHistoryViewController.swift */; };
		455A3250200CF4B20065D8EA /* SettingsViewController.swift in Sources */ = {isa = PBXBuildFile; fileRef = 455A324F200CF4B20065D8EA /* SettingsViewController.swift */; };
		455A3252200CF4F20065D8EA /* SwitchCell.swift in Sources */ = {isa = PBXBuildFile; fileRef = 455A3251200CF4F20065D8EA /* SwitchCell.swift */; };
		455C5AF41FFBCB32005EC496 /* PasteHistoryCell.swift in Sources */ = {isa = PBXBuildFile; fileRef = 455C5AF31FFBCB32005EC496 /* PasteHistoryCell.swift */; };
		4589AAE0200F3FB30095158A /* RoundColorPicker.m in Sources */ = {isa = PBXBuildFile; fileRef = 4589AADF200F3FB30095158A /* RoundColorPicker.m */; };
		4589AAE2200F40760095158A /* palette.png in Resources */ = {isa = PBXBuildFile; fileRef = 4589AAE1200F40750095158A /* palette.png */; };
		4589AAE3200F40760095158A /* palette.png in Resources */ = {isa = PBXBuildFile; fileRef = 4589AAE1200F40750095158A /* palette.png */; };
		45ADA701201B0FF600EA950F /* LocalSegmentor.mm in Sources */ = {isa = PBXBuildFile; fileRef = 451334A21FFF6C40000EF74D /* LocalSegmentor.mm */; };
		45ADA702201B103300EA950F /* Segmentor.cpp in Sources */ = {isa = PBXBuildFile; fileRef = 4513347D1FFF6A5E000EF74D /* Segmentor.cpp */; };
		45ADA703201B116F00EA950F /* iosjieba.bundle in Resources */ = {isa = PBXBuildFile; fileRef = 4513347C1FFF6A5E000EF74D /* iosjieba.bundle */; };
		45ADA704201B142100EA950F /* UIImage+CC_Category.m in Sources */ = {isa = PBXBuildFile; fileRef = 45DBE9042003719300D4B096 /* UIImage+CC_Category.m */; };
		45C27E07201971DF008AB6D4 /* ResultTopButtonsView.swift in Sources */ = {isa = PBXBuildFile; fileRef = 45C27E06201971DF008AB6D4 /* ResultTopButtonsView.swift */; };
		45DBE8BD20033FB600D4B096 /* UITextView+ZWPlaceHolder.m in Sources */ = {isa = PBXBuildFile; fileRef = 45DBE8BC20033FB600D4B096 /* UITextView+ZWPlaceHolder.m */; };
		45DBE8BF2003459600D4B096 /* SplitResultView.swift in Sources */ = {isa = PBXBuildFile; fileRef = 45DBE8BE2003459600D4B096 /* SplitResultView.swift */; };
		45DBE9052003719300D4B096 /* UIImage+CC_Category.m in Sources */ = {isa = PBXBuildFile; fileRef = 45DBE9042003719300D4B096 /* UIImage+CC_Category.m */; };
		45F062A41FF6208500C96EC5 /* AppDelegate.swift in Sources */ = {isa = PBXBuildFile; fileRef = 45F062A31FF6208500C96EC5 /* AppDelegate.swift */; };
		45F062A61FF6208500C96EC5 /* ViewController.swift in Sources */ = {isa = PBXBuildFile; fileRef = 45F062A51FF6208500C96EC5 /* ViewController.swift */; };
		45F062AB1FF6208500C96EC5 /* Assets.xcassets in Resources */ = {isa = PBXBuildFile; fileRef = 45F062AA1FF6208500C96EC5 /* Assets.xcassets */; };
		45F062AE1FF6208500C96EC5 /* LaunchScreen.storyboard in Resources */ = {isa = PBXBuildFile; fileRef = 45F062AC1FF6208500C96EC5 /* LaunchScreen.storyboard */; };
		45F062BD1FF635B500C96EC5 /* HttpRequest.m in Sources */ = {isa = PBXBuildFile; fileRef = 45F062B71FF635B500C96EC5 /* HttpRequest.m */; };
		45F062BF1FF635B500C96EC5 /* HttpUtil.m in Sources */ = {isa = PBXBuildFile; fileRef = 45F062BC1FF635B500C96EC5 /* HttpUtil.m */; };
		45F959791FFE0A16004A1305 /* NotificationCenter.framework in Frameworks */ = {isa = PBXBuildFile; fileRef = 45F959781FFE0A16004A1305 /* NotificationCenter.framework */; };
		45F9597C1FFE0A16004A1305 /* TodayViewController.swift in Sources */ = {isa = PBXBuildFile; fileRef = 45F9597B1FFE0A16004A1305 /* TodayViewController.swift */; };
		45F9597F1FFE0A16004A1305 /* MainInterface.storyboard in Resources */ = {isa = PBXBuildFile; fileRef = 45F9597D1FFE0A16004A1305 /* MainInterface.storyboard */; };
		45F959831FFE0A16004A1305 /* CCBigBangExt.appex in Embed App Extensions */ = {isa = PBXBuildFile; fileRef = 45F959771FFE0A16004A1305 /* CCBigBangExt.appex */; settings = {ATTRIBUTES = (RemoveHeadersOnCopy, ); }; };
		45F959901FFE1CC0004A1305 /* ExtWordCell.swift in Sources */ = {isa = PBXBuildFile; fileRef = 45F9598F1FFE1CC0004A1305 /* ExtWordCell.swift */; };
		AF3ECF06E9CC472AF8726DB6 /* Pods_CCBigBangExt.framework in Frameworks */ = {isa = PBXBuildFile; fileRef = B181E20E13DF43DACABE650E /* Pods_CCBigBangExt.framework */; };
/* End PBXBuildFile section */

/* Begin PBXContainerItemProxy section */
		45F959811FFE0A16004A1305 /* PBXContainerItemProxy */ = {
			isa = PBXContainerItemProxy;
			containerPortal = 45F062981FF6208500C96EC5 /* Project object */;
			proxyType = 1;
			remoteGlobalIDString = 45F959761FFE0A16004A1305;
			remoteInfo = CCBigBangExt;
		};
/* End PBXContainerItemProxy section */

/* Begin PBXCopyFilesBuildPhase section */
		45F959871FFE0A16004A1305 /* Embed App Extensions */ = {
			isa = PBXCopyFilesBuildPhase;
			buildActionMask = 2147483647;
			dstPath = "";
			dstSubfolderSpec = 13;
			files = (
				45F959831FFE0A16004A1305 /* CCBigBangExt.appex in Embed App Extensions */,
			);
			name = "Embed App Extensions";
			runOnlyForDeploymentPostprocessing = 0;
		};
/* End PBXCopyFilesBuildPhase section */

/* Begin PBXFileReference section */
		19B2D019494A087155AF63AD /* Pods_CCBigBang.framework */ = {isa = PBXFileReference; explicitFileType = wrapper.framework; includeInIndex = 0; path = Pods_CCBigBang.framework; sourceTree = BUILT_PRODUCTS_DIR; };
		4501825D202005D8004CB372 /* NSString+CC_Category.h */ = {isa = PBXFileReference; lastKnownFileType = sourcecode.c.h; path = "NSString+CC_Category.h"; sourceTree = "<group>"; };
		4501825E202005D8004CB372 /* NSString+CC_Category.m */ = {isa = PBXFileReference; lastKnownFileType = sourcecode.c.objc; path = "NSString+CC_Category.m"; sourceTree = "<group>"; };
		451333F21FFF1960000EF74D /* HttpRequest.h */ = {isa = PBXFileReference; fileEncoding = 4; lastKnownFileType = sourcecode.c.h; path = HttpRequest.h; sourceTree = "<group>"; };
		451333F31FFF1960000EF74D /* HttpUtil.m */ = {isa = PBXFileReference; fileEncoding = 4; lastKnownFileType = sourcecode.c.objc; path = HttpUtil.m; sourceTree = "<group>"; };
		451333F41FFF1960000EF74D /* HttpUtil.h */ = {isa = PBXFileReference; fileEncoding = 4; lastKnownFileType = sourcecode.c.h; path = HttpUtil.h; sourceTree = "<group>"; };
		451333F51FFF1961000EF74D /* HttpRequest.m */ = {isa = PBXFileReference; fileEncoding = 4; lastKnownFileType = sourcecode.c.objc; path = HttpRequest.m; sourceTree = "<group>"; };
		451333F91FFF1982000EF74D /* WordModel.h */ = {isa = PBXFileReference; fileEncoding = 4; lastKnownFileType = sourcecode.c.h; path = WordModel.h; sourceTree = "<group>"; };
		451333FA1FFF1982000EF74D /* WordModel.m */ = {isa = PBXFileReference; fileEncoding = 4; lastKnownFileType = sourcecode.c.objc; path = WordModel.m; sourceTree = "<group>"; };
		4513347C1FFF6A5E000EF74D /* iosjieba.bundle */ = {isa = PBXFileReference; lastKnownFileType = "wrapper.plug-in"; path = iosjieba.bundle; sourceTree = "<group>"; };
		4513347D1FFF6A5E000EF74D /* Segmentor.cpp */ = {isa = PBXFileReference; fileEncoding = 4; lastKnownFileType = sourcecode.cpp.cpp; path = Segmentor.cpp; sourceTree = "<group>"; };
		4513347E1FFF6A5E000EF74D /* Segmentor.h */ = {isa = PBXFileReference; fileEncoding = 4; lastKnownFileType = sourcecode.c.h; path = Segmentor.h; sourceTree = "<group>"; };
		451334801FFF6A5E000EF74D /* DictTrie.hpp */ = {isa = PBXFileReference; fileEncoding = 4; lastKnownFileType = sourcecode.cpp.h; path = DictTrie.hpp; sourceTree = "<group>"; };
		451334811FFF6A5E000EF74D /* ISegment.hpp */ = {isa = PBXFileReference; fileEncoding = 4; lastKnownFileType = sourcecode.cpp.h; path = ISegment.hpp; sourceTree = "<group>"; };
		451334821FFF6A5E000EF74D /* FullSegment.hpp */ = {isa = PBXFileReference; fileEncoding = 4; lastKnownFileType = sourcecode.cpp.h; path = FullSegment.hpp; sourceTree = "<group>"; };
		451334831FFF6A5E000EF74D /* MixSegment.hpp */ = {isa = PBXFileReference; fileEncoding = 4; lastKnownFileType = sourcecode.cpp.h; path = MixSegment.hpp; sourceTree = "<group>"; };
		451334841FFF6A5E000EF74D /* MPSegment.hpp */ = {isa = PBXFileReference; fileEncoding = 4; lastKnownFileType = sourcecode.cpp.h; path = MPSegment.hpp; sourceTree = "<group>"; };
		451334851FFF6A5E000EF74D /* KeywordExtractor.hpp */ = {isa = PBXFileReference; fileEncoding = 4; lastKnownFileType = sourcecode.cpp.h; path = KeywordExtractor.hpp; sourceTree = "<group>"; };
		451334861FFF6A5E000EF74D /* PosTagger.hpp */ = {isa = PBXFileReference; fileEncoding = 4; lastKnownFileType = sourcecode.cpp.h; path = PosTagger.hpp; sourceTree = "<group>"; };
		451334871FFF6A5E000EF74D /* TransCode.hpp */ = {isa = PBXFileReference; fileEncoding = 4; lastKnownFileType = sourcecode.cpp.h; path = TransCode.hpp; sourceTree = "<group>"; };
		451334881FFF6A5E000EF74D /* Trie.hpp */ = {isa = PBXFileReference; fileEncoding = 4; lastKnownFileType = sourcecode.cpp.h; path = Trie.hpp; sourceTree = "<group>"; };
		4513348A1FFF6A5E000EF74D /* ThreadPool.hpp */ = {isa = PBXFileReference; fileEncoding = 4; lastKnownFileType = sourcecode.cpp.h; path = ThreadPool.hpp; sourceTree = "<group>"; };
		4513348B1FFF6A5E000EF74D /* Logger.hpp */ = {isa = PBXFileReference; fileEncoding = 4; lastKnownFileType = sourcecode.cpp.h; path = Logger.hpp; sourceTree = "<group>"; };
		4513348C1FFF6A5E000EF74D /* StdExtension.hpp */ = {isa = PBXFileReference; fileEncoding = 4; lastKnownFileType = sourcecode.cpp.h; path = StdExtension.hpp; sourceTree = "<group>"; };
		4513348D1FFF6A5E000EF74D /* HandyMacro.hpp */ = {isa = PBXFileReference; fileEncoding = 4; lastKnownFileType = sourcecode.cpp.h; path = HandyMacro.hpp; sourceTree = "<group>"; };
		4513348E1FFF6A5E000EF74D /* StringUtil.hpp */ = {isa = PBXFileReference; fileEncoding = 4; lastKnownFileType = sourcecode.cpp.h; path = StringUtil.hpp; sourceTree = "<group>"; };
		4513348F1FFF6A5E000EF74D /* LocalVector.hpp */ = {isa = PBXFileReference; fileEncoding = 4; lastKnownFileType = sourcecode.cpp.h; path = LocalVector.hpp; sourceTree = "<group>"; };
		451334901FFF6A5E000EF74D /* BlockingQueue.hpp */ = {isa = PBXFileReference; fileEncoding = 4; lastKnownFileType = sourcecode.cpp.h; path = BlockingQueue.hpp; sourceTree = "<group>"; };
		451334911FFF6A5E000EF74D /* InitOnOff.hpp */ = {isa = PBXFileReference; fileEncoding = 4; lastKnownFileType = sourcecode.cpp.h; path = InitOnOff.hpp; sourceTree = "<group>"; };
		451334921FFF6A5E000EF74D /* Config.hpp */ = {isa = PBXFileReference; fileEncoding = 4; lastKnownFileType = sourcecode.cpp.h; path = Config.hpp; sourceTree = "<group>"; };
		451334931FFF6A5E000EF74D /* MysqlClient.hpp */ = {isa = PBXFileReference; fileEncoding = 4; lastKnownFileType = sourcecode.cpp.h; path = MysqlClient.hpp; sourceTree = "<group>"; };
		451334941FFF6A5E000EF74D /* CastFloat.hpp */ = {isa = PBXFileReference; fileEncoding = 4; lastKnownFileType = sourcecode.cpp.h; path = CastFloat.hpp; sourceTree = "<group>"; };
		451334951FFF6A5E000EF74D /* BoundedQueue.hpp */ = {isa = PBXFileReference; fileEncoding = 4; lastKnownFileType = sourcecode.cpp.h; path = BoundedQueue.hpp; sourceTree = "<group>"; };
		451334961FFF6A5E000EF74D /* ArgvContext.hpp */ = {isa = PBXFileReference; fileEncoding = 4; lastKnownFileType = sourcecode.cpp.h; path = ArgvContext.hpp; sourceTree = "<group>"; };
		451334971FFF6A5E000EF74D /* Condition.hpp */ = {isa = PBXFileReference; fileEncoding = 4; lastKnownFileType = sourcecode.cpp.h; path = Condition.hpp; sourceTree = "<group>"; };
		451334981FFF6A5E000EF74D /* Md5.hpp */ = {isa = PBXFileReference; fileEncoding = 4; lastKnownFileType = sourcecode.cpp.h; path = Md5.hpp; sourceTree = "<group>"; };
		451334991FFF6A5E000EF74D /* Thread.hpp */ = {isa = PBXFileReference; fileEncoding = 4; lastKnownFileType = sourcecode.cpp.h; path = Thread.hpp; sourceTree = "<group>"; };
		4513349A1FFF6A5E000EF74D /* MutexLock.hpp */ = {isa = PBXFileReference; fileEncoding = 4; lastKnownFileType = sourcecode.cpp.h; path = MutexLock.hpp; sourceTree = "<group>"; };
		4513349B1FFF6A5E000EF74D /* NonCopyable.hpp */ = {isa = PBXFileReference; fileEncoding = 4; lastKnownFileType = sourcecode.cpp.h; path = NonCopyable.hpp; sourceTree = "<group>"; };
		4513349C1FFF6A5E000EF74D /* QuerySegment.hpp */ = {isa = PBXFileReference; fileEncoding = 4; lastKnownFileType = sourcecode.cpp.h; path = QuerySegment.hpp; sourceTree = "<group>"; };
		4513349D1FFF6A5E000EF74D /* SegmentBase.hpp */ = {isa = PBXFileReference; fileEncoding = 4; lastKnownFileType = sourcecode.cpp.h; path = SegmentBase.hpp; sourceTree = "<group>"; };
		4513349E1FFF6A5E000EF74D /* HMMSegment.hpp */ = {isa = PBXFileReference; fileEncoding = 4; lastKnownFileType = sourcecode.cpp.h; path = HMMSegment.hpp; sourceTree = "<group>"; };
		451334A11FFF6C40000EF74D /* LocalSegmentor.h */ = {isa = PBXFileReference; lastKnownFileType = sourcecode.c.h; path = LocalSegmentor.h; sourceTree = "<group>"; };
		451334A21FFF6C40000EF74D /* LocalSegmentor.mm */ = {isa = PBXFileReference; lastKnownFileType = sourcecode.cpp.objcpp; path = LocalSegmentor.mm; sourceTree = "<group>"; };
		4525FDE21FF7CFB3006D06B8 /* WordModel.h */ = {isa = PBXFileReference; lastKnownFileType = sourcecode.c.h; path = WordModel.h; sourceTree = "<group>"; };
		4525FDE31FF7CFB3006D06B8 /* WordModel.m */ = {isa = PBXFileReference; lastKnownFileType = sourcecode.c.objc; path = WordModel.m; sourceTree = "<group>"; };
		4525FDE61FF7DBD7006D06B8 /* WordCell.swift */ = {isa = PBXFileReference; lastKnownFileType = sourcecode.swift; path = WordCell.swift; sourceTree = "<group>"; };
		452FAF6B1FFB6D6700C40C88 /* PasteHistoryViewController.swift */ = {isa = PBXFileReference; lastKnownFileType = sourcecode.swift; path = PasteHistoryViewController.swift; sourceTree = "<group>"; };
		455A324F200CF4B20065D8EA /* SettingsViewController.swift */ = {isa = PBXFileReference; lastKnownFileType = sourcecode.swift; path = SettingsViewController.swift; sourceTree = "<group>"; };
		455A3251200CF4F20065D8EA /* SwitchCell.swift */ = {isa = PBXFileReference; lastKnownFileType = sourcecode.swift; path = SwitchCell.swift; sourceTree = "<group>"; };
		455C5AF31FFBCB32005EC496 /* PasteHistoryCell.swift */ = {isa = PBXFileReference; lastKnownFileType = sourcecode.swift; path = PasteHistoryCell.swift; sourceTree = "<group>"; };
		4589AADE200F3FB30095158A /* RoundColorPicker.h */ = {isa = PBXFileReference; lastKnownFileType = sourcecode.c.h; path = RoundColorPicker.h; sourceTree = "<group>"; };
		4589AADF200F3FB30095158A /* RoundColorPicker.m */ = {isa = PBXFileReference; lastKnownFileType = sourcecode.c.objc; path = RoundColorPicker.m; sourceTree = "<group>"; };
		4589AAE1200F40750095158A /* palette.png */ = {isa = PBXFileReference; lastKnownFileType = image.png; path = palette.png; sourceTree = "<group>"; };
		45C27E06201971DF008AB6D4 /* ResultTopButtonsView.swift */ = {isa = PBXFileReference; lastKnownFileType = sourcecode.swift; path = ResultTopButtonsView.swift; sourceTree = "<group>"; };
		45DBE8BB20033FB600D4B096 /* UITextView+ZWPlaceHolder.h */ = {isa = PBXFileReference; fileEncoding = 4; lastKnownFileType = sourcecode.c.h; path = "UITextView+ZWPlaceHolder.h"; sourceTree = "<group>"; };
		45DBE8BC20033FB600D4B096 /* UITextView+ZWPlaceHolder.m */ = {isa = PBXFileReference; fileEncoding = 4; lastKnownFileType = sourcecode.c.objc; path = "UITextView+ZWPlaceHolder.m"; sourceTree = "<group>"; };
		45DBE8BE2003459600D4B096 /* SplitResultView.swift */ = {isa = PBXFileReference; lastKnownFileType = sourcecode.swift; path = SplitResultView.swift; sourceTree = "<group>"; };
		45DBE9032003719300D4B096 /* UIImage+CC_Category.h */ = {isa = PBXFileReference; lastKnownFileType = sourcecode.c.h; path = "UIImage+CC_Category.h"; sourceTree = "<group>"; };
		45DBE9042003719300D4B096 /* UIImage+CC_Category.m */ = {isa = PBXFileReference; lastKnownFileType = sourcecode.c.objc; path = "UIImage+CC_Category.m"; sourceTree = "<group>"; };
		45F062A01FF6208500C96EC5 /* CCBigBang.app */ = {isa = PBXFileReference; explicitFileType = wrapper.application; includeInIndex = 0; path = CCBigBang.app; sourceTree = BUILT_PRODUCTS_DIR; };
		45F062A31FF6208500C96EC5 /* AppDelegate.swift */ = {isa = PBXFileReference; lastKnownFileType = sourcecode.swift; path = AppDelegate.swift; sourceTree = "<group>"; };
		45F062A51FF6208500C96EC5 /* ViewController.swift */ = {isa = PBXFileReference; lastKnownFileType = sourcecode.swift; path = ViewController.swift; sourceTree = "<group>"; };
		45F062AA1FF6208500C96EC5 /* Assets.xcassets */ = {isa = PBXFileReference; lastKnownFileType = folder.assetcatalog; path = Assets.xcassets; sourceTree = "<group>"; };
		45F062AD1FF6208500C96EC5 /* Base */ = {isa = PBXFileReference; lastKnownFileType = file.storyboard; name = Base; path = Base.lproj/LaunchScreen.storyboard; sourceTree = "<group>"; };
		45F062AF1FF6208500C96EC5 /* Info.plist */ = {isa = PBXFileReference; lastKnownFileType = text.plist.xml; path = Info.plist; sourceTree = "<group>"; };
		45F062B61FF635B400C96EC5 /* CCBigBang-Bridging-Header.h */ = {isa = PBXFileReference; lastKnownFileType = sourcecode.c.h; path = "CCBigBang-Bridging-Header.h"; sourceTree = "<group>"; };
		45F062B71FF635B500C96EC5 /* HttpRequest.m */ = {isa = PBXFileReference; fileEncoding = 4; lastKnownFileType = sourcecode.c.objc; path = HttpRequest.m; sourceTree = "<group>"; };
		45F062B81FF635B500C96EC5 /* HttpRequest.h */ = {isa = PBXFileReference; fileEncoding = 4; lastKnownFileType = sourcecode.c.h; path = HttpRequest.h; sourceTree = "<group>"; };
		45F062BB1FF635B500C96EC5 /* HttpUtil.h */ = {isa = PBXFileReference; fileEncoding = 4; lastKnownFileType = sourcecode.c.h; path = HttpUtil.h; sourceTree = "<group>"; };
		45F062BC1FF635B500C96EC5 /* HttpUtil.m */ = {isa = PBXFileReference; fileEncoding = 4; lastKnownFileType = sourcecode.c.objc; path = HttpUtil.m; sourceTree = "<group>"; };
		45F959771FFE0A16004A1305 /* CCBigBangExt.appex */ = {isa = PBXFileReference; explicitFileType = "wrapper.app-extension"; includeInIndex = 0; path = CCBigBangExt.appex; sourceTree = BUILT_PRODUCTS_DIR; };
		45F959781FFE0A16004A1305 /* NotificationCenter.framework */ = {isa = PBXFileReference; lastKnownFileType = wrapper.framework; name = NotificationCenter.framework; path = System/Library/Frameworks/NotificationCenter.framework; sourceTree = SDKROOT; };
		45F9597B1FFE0A16004A1305 /* TodayViewController.swift */ = {isa = PBXFileReference; lastKnownFileType = sourcecode.swift; path = TodayViewController.swift; sourceTree = "<group>"; };
		45F9597E1FFE0A16004A1305 /* Base */ = {isa = PBXFileReference; lastKnownFileType = file.storyboard; name = Base; path = Base.lproj/MainInterface.storyboard; sourceTree = "<group>"; };
		45F959801FFE0A16004A1305 /* Info.plist */ = {isa = PBXFileReference; lastKnownFileType = text.plist.xml; path = Info.plist; sourceTree = "<group>"; };
		45F959881FFE0C66004A1305 /* CCBigBangExt.entitlements */ = {isa = PBXFileReference; lastKnownFileType = text.plist.entitlements; path = CCBigBangExt.entitlements; sourceTree = "<group>"; };
		45F959891FFE0CAE004A1305 /* CCBigBang.entitlements */ = {isa = PBXFileReference; lastKnownFileType = text.plist.entitlements; path = CCBigBang.entitlements; sourceTree = "<group>"; };
		45F9598A1FFE1C48004A1305 /* CCBigBangExt-Bridging-Header.h */ = {isa = PBXFileReference; lastKnownFileType = sourcecode.c.h; path = "CCBigBangExt-Bridging-Header.h"; sourceTree = "<group>"; };
		45F9598F1FFE1CC0004A1305 /* ExtWordCell.swift */ = {isa = PBXFileReference; lastKnownFileType = sourcecode.swift; path = ExtWordCell.swift; sourceTree = "<group>"; };
		B181E20E13DF43DACABE650E /* Pods_CCBigBangExt.framework */ = {isa = PBXFileReference; explicitFileType = wrapper.framework; includeInIndex = 0; path = Pods_CCBigBangExt.framework; sourceTree = BUILT_PRODUCTS_DIR; };
		B562178D7629C093EEEFE12B /* Pods-CCBigBang.release.xcconfig */ = {isa = PBXFileReference; includeInIndex = 1; lastKnownFileType = text.xcconfig; name = "Pods-CCBigBang.release.xcconfig"; path = "Pods/Target Support Files/Pods-CCBigBang/Pods-CCBigBang.release.xcconfig"; sourceTree = "<group>"; };
		DA34E8160E2A3712E7611114 /* Pods-CCBigBangExt.debug.xcconfig */ = {isa = PBXFileReference; includeInIndex = 1; lastKnownFileType = text.xcconfig; name = "Pods-CCBigBangExt.debug.xcconfig"; path = "Pods/Target Support Files/Pods-CCBigBangExt/Pods-CCBigBangExt.debug.xcconfig"; sourceTree = "<group>"; };
		DF46581CB2AD97A1A7457C2A /* Pods-CCBigBangExt.release.xcconfig */ = {isa = PBXFileReference; includeInIndex = 1; lastKnownFileType = text.xcconfig; name = "Pods-CCBigBangExt.release.xcconfig"; path = "Pods/Target Support Files/Pods-CCBigBangExt/Pods-CCBigBangExt.release.xcconfig"; sourceTree = "<group>"; };
		DFA6A0EF692243F7A50444CC /* Pods-CCBigBang.debug.xcconfig */ = {isa = PBXFileReference; includeInIndex = 1; lastKnownFileType = text.xcconfig; name = "Pods-CCBigBang.debug.xcconfig"; path = "Pods/Target Support Files/Pods-CCBigBang/Pods-CCBigBang.debug.xcconfig"; sourceTree = "<group>"; };
/* End PBXFileReference section */

/* Begin PBXFrameworksBuildPhase section */
		45F0629D1FF6208500C96EC5 /* Frameworks */ = {
			isa = PBXFrameworksBuildPhase;
			buildActionMask = 2147483647;
			files = (
				26BD753653D6C23A3F268C8A /* Pods_CCBigBang.framework in Frameworks */,
			);
			runOnlyForDeploymentPostprocessing = 0;
		};
		45F959741FFE0A16004A1305 /* Frameworks */ = {
			isa = PBXFrameworksBuildPhase;
			buildActionMask = 2147483647;
			files = (
				45F959791FFE0A16004A1305 /* NotificationCenter.framework in Frameworks */,
				AF3ECF06E9CC472AF8726DB6 /* Pods_CCBigBangExt.framework in Frameworks */,
			);
			runOnlyForDeploymentPostprocessing = 0;
		};
/* End PBXFrameworksBuildPhase section */

/* Begin PBXGroup section */
		3DF6441EBFDF55583E268C37 /* Pods */ = {
			isa = PBXGroup;
			children = (
				DFA6A0EF692243F7A50444CC /* Pods-CCBigBang.debug.xcconfig */,
				B562178D7629C093EEEFE12B /* Pods-CCBigBang.release.xcconfig */,
				DA34E8160E2A3712E7611114 /* Pods-CCBigBangExt.debug.xcconfig */,
				DF46581CB2AD97A1A7457C2A /* Pods-CCBigBangExt.release.xcconfig */,
			);
			name = Pods;
			sourceTree = "<group>";
		};
		451333F11FFF1943000EF74D /* HttpUtil */ = {
			isa = PBXGroup;
			children = (
				451333F21FFF1960000EF74D /* HttpRequest.h */,
				451333F51FFF1961000EF74D /* HttpRequest.m */,
				451333F41FFF1960000EF74D /* HttpUtil.h */,
				451333F31FFF1960000EF74D /* HttpUtil.m */,
			);
			path = HttpUtil;
			sourceTree = "<group>";
		};
		451333F81FFF1969000EF74D /* Model */ = {
			isa = PBXGroup;
			children = (
				451333F91FFF1982000EF74D /* WordModel.h */,
				451333FA1FFF1982000EF74D /* WordModel.m */,
			);
			path = Model;
			sourceTree = "<group>";
		};
		4513347F1FFF6A5E000EF74D /* CppJieba */ = {
			isa = PBXGroup;
			children = (
				451334801FFF6A5E000EF74D /* DictTrie.hpp */,
				451334811FFF6A5E000EF74D /* ISegment.hpp */,
				451334821FFF6A5E000EF74D /* FullSegment.hpp */,
				451334831FFF6A5E000EF74D /* MixSegment.hpp */,
				451334841FFF6A5E000EF74D /* MPSegment.hpp */,
				451334851FFF6A5E000EF74D /* KeywordExtractor.hpp */,
				451334861FFF6A5E000EF74D /* PosTagger.hpp */,
				451334871FFF6A5E000EF74D /* TransCode.hpp */,
				451334881FFF6A5E000EF74D /* Trie.hpp */,
				451334891FFF6A5E000EF74D /* Limonp */,
				4513349C1FFF6A5E000EF74D /* QuerySegment.hpp */,
				4513349D1FFF6A5E000EF74D /* SegmentBase.hpp */,
				4513349E1FFF6A5E000EF74D /* HMMSegment.hpp */,
			);
			path = CppJieba;
			sourceTree = "<group>";
		};
		451334891FFF6A5E000EF74D /* Limonp */ = {
			isa = PBXGroup;
			children = (
				4513348A1FFF6A5E000EF74D /* ThreadPool.hpp */,
				4513348B1FFF6A5E000EF74D /* Logger.hpp */,
				4513348C1FFF6A5E000EF74D /* StdExtension.hpp */,
				4513348D1FFF6A5E000EF74D /* HandyMacro.hpp */,
				4513348E1FFF6A5E000EF74D /* StringUtil.hpp */,
				4513348F1FFF6A5E000EF74D /* LocalVector.hpp */,
				451334901FFF6A5E000EF74D /* BlockingQueue.hpp */,
				451334911FFF6A5E000EF74D /* InitOnOff.hpp */,
				451334921FFF6A5E000EF74D /* Config.hpp */,
				451334931FFF6A5E000EF74D /* MysqlClient.hpp */,
				451334941FFF6A5E000EF74D /* CastFloat.hpp */,
				451334951FFF6A5E000EF74D /* BoundedQueue.hpp */,
				451334961FFF6A5E000EF74D /* ArgvContext.hpp */,
				451334971FFF6A5E000EF74D /* Condition.hpp */,
				451334981FFF6A5E000EF74D /* Md5.hpp */,
				451334991FFF6A5E000EF74D /* Thread.hpp */,
				4513349A1FFF6A5E000EF74D /* MutexLock.hpp */,
				4513349B1FFF6A5E000EF74D /* NonCopyable.hpp */,
			);
			path = Limonp;
			sourceTree = "<group>";
		};
		4525FDDF1FF68D1A006D06B8 /* Model */ = {
			isa = PBXGroup;
			children = (
				4525FDE21FF7CFB3006D06B8 /* WordModel.h */,
				4525FDE31FF7CFB3006D06B8 /* WordModel.m */,
			);
			path = Model;
			sourceTree = "<group>";
		};
		4525FDE51FF7DBA8006D06B8 /* View */ = {
			isa = PBXGroup;
			children = (
				4589AAE1200F40750095158A /* palette.png */,
				4525FDE61FF7DBD7006D06B8 /* WordCell.swift */,
				455C5AF31FFBCB32005EC496 /* PasteHistoryCell.swift */,
				45DBE8BE2003459600D4B096 /* SplitResultView.swift */,
				45C27E06201971DF008AB6D4 /* ResultTopButtonsView.swift */,
				455A3251200CF4F20065D8EA /* SwitchCell.swift */,
				4589AADE200F3FB30095158A /* RoundColorPicker.h */,
				4589AADF200F3FB30095158A /* RoundColorPicker.m */,
			);
			path = View;
			sourceTree = "<group>";
		};
		452FAF691FFB6C5200C40C88 /* Controller */ = {
			isa = PBXGroup;
			children = (
				45F062A51FF6208500C96EC5 /* ViewController.swift */,
				452FAF6B1FFB6D6700C40C88 /* PasteHistoryViewController.swift */,
				455A324F200CF4B20065D8EA /* SettingsViewController.swift */,
			);
			path = Controller;
			sourceTree = "<group>";
		};
		452FAF6A1FFB6C7200C40C88 /* Other */ = {
			isa = PBXGroup;
			children = (
				451334A11FFF6C40000EF74D /* LocalSegmentor.h */,
				451334A21FFF6C40000EF74D /* LocalSegmentor.mm */,
				45F062AA1FF6208500C96EC5 /* Assets.xcassets */,
				45F062AC1FF6208500C96EC5 /* LaunchScreen.storyboard */,
			);
			path = Other;
			sourceTree = "<group>";
		};
		45A7F57A20185E5800658187 /* Lib */ = {
			isa = PBXGroup;
			children = (
				45A7F57B20185E7E00658187 /* JieBaSegmentation */,
			);
			path = Lib;
			sourceTree = "<group>";
		};
		45A7F57B20185E7E00658187 /* JieBaSegmentation */ = {
			isa = PBXGroup;
			children = (
				4513347C1FFF6A5E000EF74D /* iosjieba.bundle */,
				4513347F1FFF6A5E000EF74D /* CppJieba */,
				4513347E1FFF6A5E000EF74D /* Segmentor.h */,
				4513347D1FFF6A5E000EF74D /* Segmentor.cpp */,
			);
			path = JieBaSegmentation;
			sourceTree = "<group>";
		};
		45DBE8BA20033F9C00D4B096 /* Category */ = {
			isa = PBXGroup;
			children = (
				45DBE8BB20033FB600D4B096 /* UITextView+ZWPlaceHolder.h */,
				45DBE8BC20033FB600D4B096 /* UITextView+ZWPlaceHolder.m */,
				45DBE9032003719300D4B096 /* UIImage+CC_Category.h */,
				45DBE9042003719300D4B096 /* UIImage+CC_Category.m */,
				4501825D202005D8004CB372 /* NSString+CC_Category.h */,
				4501825E202005D8004CB372 /* NSString+CC_Category.m */,
			);
			path = Category;
			sourceTree = "<group>";
		};
		45F062971FF6208500C96EC5 = {
			isa = PBXGroup;
			children = (
				45F062A21FF6208500C96EC5 /* CCBigBang */,
				45F9597A1FFE0A16004A1305 /* CCBigBangExt */,
				45F062A11FF6208500C96EC5 /* Products */,
				3DF6441EBFDF55583E268C37 /* Pods */,
				81458A2D568333464B9833B2 /* Frameworks */,
			);
			sourceTree = "<group>";
		};
		45F062A11FF6208500C96EC5 /* Products */ = {
			isa = PBXGroup;
			children = (
				45F062A01FF6208500C96EC5 /* CCBigBang.app */,
				45F959771FFE0A16004A1305 /* CCBigBangExt.appex */,
			);
			name = Products;
			sourceTree = "<group>";
		};
		45F062A21FF6208500C96EC5 /* CCBigBang */ = {
			isa = PBXGroup;
			children = (
				45A7F57A20185E5800658187 /* Lib */,
				45DBE8BA20033F9C00D4B096 /* Category */,
				452FAF6A1FFB6C7200C40C88 /* Other */,
				452FAF691FFB6C5200C40C88 /* Controller */,
				45F062B51FF634E800C96EC5 /* HttpUtil */,
				4525FDE51FF7DBA8006D06B8 /* View */,
				4525FDDF1FF68D1A006D06B8 /* Model */,
				45F062A31FF6208500C96EC5 /* AppDelegate.swift */,
				45F062B61FF635B400C96EC5 /* CCBigBang-Bridging-Header.h */,
				45F959891FFE0CAE004A1305 /* CCBigBang.entitlements */,
				45F062AF1FF6208500C96EC5 /* Info.plist */,
			);
			path = CCBigBang;
			sourceTree = "<group>";
		};
		45F062B51FF634E800C96EC5 /* HttpUtil */ = {
			isa = PBXGroup;
			children = (
				45F062B81FF635B500C96EC5 /* HttpRequest.h */,
				45F062B71FF635B500C96EC5 /* HttpRequest.m */,
				45F062BB1FF635B500C96EC5 /* HttpUtil.h */,
				45F062BC1FF635B500C96EC5 /* HttpUtil.m */,
			);
			path = HttpUtil;
			sourceTree = "<group>";
		};
		45F9597A1FFE0A16004A1305 /* CCBigBangExt */ = {
			isa = PBXGroup;
			children = (
				451333F81FFF1969000EF74D /* Model */,
				451333F11FFF1943000EF74D /* HttpUtil */,
				45F9598E1FFE1C9E004A1305 /* View */,
				45F9597B1FFE0A16004A1305 /* TodayViewController.swift */,
				45F9598A1FFE1C48004A1305 /* CCBigBangExt-Bridging-Header.h */,
				45F959801FFE0A16004A1305 /* Info.plist */,
				45F9597D1FFE0A16004A1305 /* MainInterface.storyboard */,
				45F959881FFE0C66004A1305 /* CCBigBangExt.entitlements */,
			);
			path = CCBigBangExt;
			sourceTree = "<group>";
		};
		45F9598E1FFE1C9E004A1305 /* View */ = {
			isa = PBXGroup;
			children = (
				45F9598F1FFE1CC0004A1305 /* ExtWordCell.swift */,
			);
			path = View;
			sourceTree = "<group>";
		};
		81458A2D568333464B9833B2 /* Frameworks */ = {
			isa = PBXGroup;
			children = (
				19B2D019494A087155AF63AD /* Pods_CCBigBang.framework */,
				45F959781FFE0A16004A1305 /* NotificationCenter.framework */,
				B181E20E13DF43DACABE650E /* Pods_CCBigBangExt.framework */,
			);
			name = Frameworks;
			sourceTree = "<group>";
		};
/* End PBXGroup section */

/* Begin PBXNativeTarget section */
		45F0629F1FF6208500C96EC5 /* CCBigBang */ = {
			isa = PBXNativeTarget;
			buildConfigurationList = 45F062B21FF6208500C96EC5 /* Build configuration list for PBXNativeTarget "CCBigBang" */;
			buildPhases = (
				D1E571C1F0B5C8B43E14B43E /* [CP] Check Pods Manifest.lock */,
				45F0629C1FF6208500C96EC5 /* Sources */,
				45F0629D1FF6208500C96EC5 /* Frameworks */,
				45F0629E1FF6208500C96EC5 /* Resources */,
				3538336DF80AC958A74BA768 /* [CP] Embed Pods Frameworks */,
				063FE49159724E6B22C34202 /* [CP] Copy Pods Resources */,
				45F959871FFE0A16004A1305 /* Embed App Extensions */,
			);
			buildRules = (
			);
			dependencies = (
				45F959821FFE0A16004A1305 /* PBXTargetDependency */,
			);
			name = CCBigBang;
			productName = CCBigBang;
			productReference = 45F062A01FF6208500C96EC5 /* CCBigBang.app */;
			productType = "com.apple.product-type.application";
		};
		45F959761FFE0A16004A1305 /* CCBigBangExt */ = {
			isa = PBXNativeTarget;
			buildConfigurationList = 45F959861FFE0A16004A1305 /* Build configuration list for PBXNativeTarget "CCBigBangExt" */;
			buildPhases = (
				8E1085664EFFD10C27A5EBDD /* [CP] Check Pods Manifest.lock */,
				45F959731FFE0A16004A1305 /* Sources */,
				45F959741FFE0A16004A1305 /* Frameworks */,
				45F959751FFE0A16004A1305 /* Resources */,
				D77637161544461B4B14ADAC /* [CP] Copy Pods Resources */,
			);
			buildRules = (
			);
			dependencies = (
			);
			name = CCBigBangExt;
			productName = CCBigBangExt;
			productReference = 45F959771FFE0A16004A1305 /* CCBigBangExt.appex */;
			productType = "com.apple.product-type.app-extension";
		};
/* End PBXNativeTarget section */

/* Begin PBXProject section */
		45F062981FF6208500C96EC5 /* Project object */ = {
			isa = PBXProject;
			attributes = {
				LastSwiftUpdateCheck = 0910;
				LastUpgradeCheck = 0910;
				ORGANIZATIONNAME = pcbdoor.com;
				TargetAttributes = {
					45F0629F1FF6208500C96EC5 = {
						CreatedOnToolsVersion = 9.1;
						LastSwiftMigration = 0910;
						ProvisioningStyle = Automatic;
						SystemCapabilities = {
							com.apple.ApplicationGroups.iOS = {
								enabled = 1;
							};
						};
					};
					45F959761FFE0A16004A1305 = {
						CreatedOnToolsVersion = 9.1;
						LastSwiftMigration = 0910;
						ProvisioningStyle = Automatic;
						SystemCapabilities = {
							com.apple.ApplicationGroups.iOS = {
								enabled = 1;
							};
						};
					};
				};
			};
			buildConfigurationList = 45F0629B1FF6208500C96EC5 /* Build configuration list for PBXProject "CCBigBang" */;
			compatibilityVersion = "Xcode 8.0";
			developmentRegion = en;
			hasScannedForEncodings = 0;
			knownRegions = (
				en,
				Base,
			);
			mainGroup = 45F062971FF6208500C96EC5;
			productRefGroup = 45F062A11FF6208500C96EC5 /* Products */;
			projectDirPath = "";
			projectRoot = "";
			targets = (
				45F0629F1FF6208500C96EC5 /* CCBigBang */,
				45F959761FFE0A16004A1305 /* CCBigBangExt */,
			);
		};
/* End PBXProject section */

/* Begin PBXResourcesBuildPhase section */
		45F0629E1FF6208500C96EC5 /* Resources */ = {
			isa = PBXResourcesBuildPhase;
			buildActionMask = 2147483647;
			files = (
				45F062AE1FF6208500C96EC5 /* LaunchScreen.storyboard in Resources */,
				4589AAE2200F40760095158A /* palette.png in Resources */,
				45F062AB1FF6208500C96EC5 /* Assets.xcassets in Resources */,
				4513349F1FFF6A5E000EF74D /* iosjieba.bundle in Resources */,
			);
			runOnlyForDeploymentPostprocessing = 0;
		};
		45F959751FFE0A16004A1305 /* Resources */ = {
			isa = PBXResourcesBuildPhase;
			buildActionMask = 2147483647;
			files = (
				45ADA703201B116F00EA950F /* iosjieba.bundle in Resources */,
				45F9597F1FFE0A16004A1305 /* MainInterface.storyboard in Resources */,
				4589AAE3200F40760095158A /* palette.png in Resources */,
			);
			runOnlyForDeploymentPostprocessing = 0;
		};
/* End PBXResourcesBuildPhase section */

/* Begin PBXShellScriptBuildPhase section */
		063FE49159724E6B22C34202 /* [CP] Copy Pods Resources */ = {
			isa = PBXShellScriptBuildPhase;
			buildActionMask = 2147483647;
			files = (
			);
			inputPaths = (
			);
			name = "[CP] Copy Pods Resources";
			outputPaths = (
			);
			runOnlyForDeploymentPostprocessing = 0;
			shellPath = /bin/sh;
			shellScript = "\"${SRCROOT}/Pods/Target Support Files/Pods-CCBigBang/Pods-CCBigBang-resources.sh\"\n";
			showEnvVarsInLog = 0;
		};
		3538336DF80AC958A74BA768 /* [CP] Embed Pods Frameworks */ = {
			isa = PBXShellScriptBuildPhase;
			buildActionMask = 2147483647;
			files = (
			);
			inputPaths = (
				"${SRCROOT}/Pods/Target Support Files/Pods-CCBigBang/Pods-CCBigBang-frameworks.sh",
				"${BUILT_PRODUCTS_DIR}/AFNetworking/AFNetworking.framework",
				"${BUILT_PRODUCTS_DIR}/IQKeyboardManager/IQKeyboardManager.framework",
				"${BUILT_PRODUCTS_DIR}/Kingfisher/Kingfisher.framework",
				"${BUILT_PRODUCTS_DIR}/MBProgressHUD/MBProgressHUD.framework",
				"${BUILT_PRODUCTS_DIR}/MJExtension/MJExtension.framework",
				"${BUILT_PRODUCTS_DIR}/MMWormhole/MMWormhole.framework",
				"${BUILT_PRODUCTS_DIR}/SnapKit/SnapKit.framework",
				"${BUILT_PRODUCTS_DIR}/Toast/Toast.framework",
				"${BUILT_PRODUCTS_DIR}/UICollectionViewLeftAlignedLayout/UICollectionViewLeftAlignedLayout.framework",
				"${BUILT_PRODUCTS_DIR}/ViewDeck/ViewDeck.framework",
			);
			name = "[CP] Embed Pods Frameworks";
			outputPaths = (
				"${TARGET_BUILD_DIR}/${FRAMEWORKS_FOLDER_PATH}/AFNetworking.framework",
				"${TARGET_BUILD_DIR}/${FRAMEWORKS_FOLDER_PATH}/IQKeyboardManager.framework",
				"${TARGET_BUILD_DIR}/${FRAMEWORKS_FOLDER_PATH}/Kingfisher.framework",
				"${TARGET_BUILD_DIR}/${FRAMEWORKS_FOLDER_PATH}/MBProgressHUD.framework",
				"${TARGET_BUILD_DIR}/${FRAMEWORKS_FOLDER_PATH}/MJExtension.framework",
				"${TARGET_BUILD_DIR}/${FRAMEWORKS_FOLDER_PATH}/MMWormhole.framework",
				"${TARGET_BUILD_DIR}/${FRAMEWORKS_FOLDER_PATH}/SnapKit.framework",
				"${TARGET_BUILD_DIR}/${FRAMEWORKS_FOLDER_PATH}/Toast.framework",
				"${TARGET_BUILD_DIR}/${FRAMEWORKS_FOLDER_PATH}/UICollectionViewLeftAlignedLayout.framework",
				"${TARGET_BUILD_DIR}/${FRAMEWORKS_FOLDER_PATH}/ViewDeck.framework",
			);
			runOnlyForDeploymentPostprocessing = 0;
			shellPath = /bin/sh;
			shellScript = "\"${SRCROOT}/Pods/Target Support Files/Pods-CCBigBang/Pods-CCBigBang-frameworks.sh\"\n";
			showEnvVarsInLog = 0;
		};
		8E1085664EFFD10C27A5EBDD /* [CP] Check Pods Manifest.lock */ = {
			isa = PBXShellScriptBuildPhase;
			buildActionMask = 2147483647;
			files = (
			);
			inputPaths = (
				"${PODS_PODFILE_DIR_PATH}/Podfile.lock",
				"${PODS_ROOT}/Manifest.lock",
			);
			name = "[CP] Check Pods Manifest.lock";
			outputPaths = (
				"$(DERIVED_FILE_DIR)/Pods-CCBigBangExt-checkManifestLockResult.txt",
			);
			runOnlyForDeploymentPostprocessing = 0;
			shellPath = /bin/sh;
			shellScript = "diff \"${PODS_PODFILE_DIR_PATH}/Podfile.lock\" \"${PODS_ROOT}/Manifest.lock\" > /dev/null\nif [ $? != 0 ] ; then\n    # print error to STDERR\n    echo \"error: The sandbox is not in sync with the Podfile.lock. Run 'pod install' or update your CocoaPods installation.\" >&2\n    exit 1\nfi\n# This output is used by Xcode 'outputs' to avoid re-running this script phase.\necho \"SUCCESS\" > \"${SCRIPT_OUTPUT_FILE_0}\"\n";
			showEnvVarsInLog = 0;
		};
		D1E571C1F0B5C8B43E14B43E /* [CP] Check Pods Manifest.lock */ = {
			isa = PBXShellScriptBuildPhase;
			buildActionMask = 2147483647;
			files = (
			);
			inputPaths = (
				"${PODS_PODFILE_DIR_PATH}/Podfile.lock",
				"${PODS_ROOT}/Manifest.lock",
			);
			name = "[CP] Check Pods Manifest.lock";
			outputPaths = (
				"$(DERIVED_FILE_DIR)/Pods-CCBigBang-checkManifestLockResult.txt",
			);
			runOnlyForDeploymentPostprocessing = 0;
			shellPath = /bin/sh;
			shellScript = "diff \"${PODS_PODFILE_DIR_PATH}/Podfile.lock\" \"${PODS_ROOT}/Manifest.lock\" > /dev/null\nif [ $? != 0 ] ; then\n    # print error to STDERR\n    echo \"error: The sandbox is not in sync with the Podfile.lock. Run 'pod install' or update your CocoaPods installation.\" >&2\n    exit 1\nfi\n# This output is used by Xcode 'outputs' to avoid re-running this script phase.\necho \"SUCCESS\" > \"${SCRIPT_OUTPUT_FILE_0}\"\n";
			showEnvVarsInLog = 0;
		};
		D77637161544461B4B14ADAC /* [CP] Copy Pods Resources */ = {
			isa = PBXShellScriptBuildPhase;
			buildActionMask = 2147483647;
			files = (
			);
			inputPaths = (
			);
			name = "[CP] Copy Pods Resources";
			outputPaths = (
			);
			runOnlyForDeploymentPostprocessing = 0;
			shellPath = /bin/sh;
			shellScript = "\"${SRCROOT}/Pods/Target Support Files/Pods-CCBigBangExt/Pods-CCBigBangExt-resources.sh\"\n";
			showEnvVarsInLog = 0;
		};
/* End PBXShellScriptBuildPhase section */

/* Begin PBXSourcesBuildPhase section */
		45F0629C1FF6208500C96EC5 /* Sources */ = {
			isa = PBXSourcesBuildPhase;
			buildActionMask = 2147483647;
			files = (
				45C27E07201971DF008AB6D4 /* ResultTopButtonsView.swift in Sources */,
				455C5AF41FFBCB32005EC496 /* PasteHistoryCell.swift in Sources */,
				45DBE8BD20033FB600D4B096 /* UITextView+ZWPlaceHolder.m in Sources */,
				4589AAE0200F3FB30095158A /* RoundColorPicker.m in Sources */,
				45DBE9052003719300D4B096 /* UIImage+CC_Category.m in Sources */,
				45DBE8BF2003459600D4B096 /* SplitResultView.swift in Sources */,
				45F062A61FF6208500C96EC5 /* ViewController.swift in Sources */,
				451334A31FFF6C40000EF74D /* LocalSegmentor.mm in Sources */,
				45F062BD1FF635B500C96EC5 /* HttpRequest.m in Sources */,
				45F062A41FF6208500C96EC5 /* AppDelegate.swift in Sources */,
				451334A01FFF6A5E000EF74D /* Segmentor.cpp in Sources */,
				4501825F202005D8004CB372 /* NSString+CC_Category.m in Sources */,
				455A3250200CF4B20065D8EA /* SettingsViewController.swift in Sources */,
				4525FDE71FF7DBD7006D06B8 /* WordCell.swift in Sources */,
				452FAF6C1FFB6D6700C40C88 /* PasteHistoryViewController.swift in Sources */,
				4525FDE41FF7CFB3006D06B8 /* WordModel.m in Sources */,
				45F062BF1FF635B500C96EC5 /* HttpUtil.m in Sources */,
				455A3252200CF4F20065D8EA /* SwitchCell.swift in Sources */,
			);
			runOnlyForDeploymentPostprocessing = 0;
		};
		45F959731FFE0A16004A1305 /* Sources */ = {
			isa = PBXSourcesBuildPhase;
			buildActionMask = 2147483647;
			files = (
				45ADA704201B142100EA950F /* UIImage+CC_Category.m in Sources */,
				45ADA702201B103300EA950F /* Segmentor.cpp in Sources */,
				45018260202005D8004CB372 /* NSString+CC_Category.m in Sources */,
				45ADA701201B0FF600EA950F /* LocalSegmentor.mm in Sources */,
				45F9597C1FFE0A16004A1305 /* TodayViewController.swift in Sources */,
				451333F71FFF1961000EF74D /* HttpRequest.m in Sources */,
				451333F61FFF1961000EF74D /* HttpUtil.m in Sources */,
				451333FB1FFF1982000EF74D /* WordModel.m in Sources */,
				45F959901FFE1CC0004A1305 /* ExtWordCell.swift in Sources */,
			);
			runOnlyForDeploymentPostprocessing = 0;
		};
/* End PBXSourcesBuildPhase section */

/* Begin PBXTargetDependency section */
		45F959821FFE0A16004A1305 /* PBXTargetDependency */ = {
			isa = PBXTargetDependency;
			target = 45F959761FFE0A16004A1305 /* CCBigBangExt */;
			targetProxy = 45F959811FFE0A16004A1305 /* PBXContainerItemProxy */;
		};
/* End PBXTargetDependency section */

/* Begin PBXVariantGroup section */
		45F062AC1FF6208500C96EC5 /* LaunchScreen.storyboard */ = {
			isa = PBXVariantGroup;
			children = (
				45F062AD1FF6208500C96EC5 /* Base */,
			);
			name = LaunchScreen.storyboard;
			sourceTree = "<group>";
		};
		45F9597D1FFE0A16004A1305 /* MainInterface.storyboard */ = {
			isa = PBXVariantGroup;
			children = (
				45F9597E1FFE0A16004A1305 /* Base */,
			);
			name = MainInterface.storyboard;
			sourceTree = "<group>";
		};
/* End PBXVariantGroup section */

/* Begin XCBuildConfiguration section */
		45F062B01FF6208500C96EC5 /* Debug */ = {
			isa = XCBuildConfiguration;
			buildSettings = {
				ALWAYS_SEARCH_USER_PATHS = NO;
				CLANG_ANALYZER_NONNULL = YES;
				CLANG_ANALYZER_NUMBER_OBJECT_CONVERSION = YES_AGGRESSIVE;
				CLANG_CXX_LANGUAGE_STANDARD = "gnu++0x";
				CLANG_CXX_LIBRARY = "libc++";
				CLANG_ENABLE_MODULES = YES;
				CLANG_ENABLE_OBJC_ARC = YES;
				CLANG_WARN_BLOCK_CAPTURE_AUTORELEASING = YES;
				CLANG_WARN_BOOL_CONVERSION = YES;
				CLANG_WARN_COMMA = YES;
				CLANG_WARN_CONSTANT_CONVERSION = YES;
				CLANG_WARN_DIRECT_OBJC_ISA_USAGE = YES_ERROR;
				CLANG_WARN_DOCUMENTATION_COMMENTS = YES;
				CLANG_WARN_EMPTY_BODY = YES;
				CLANG_WARN_ENUM_CONVERSION = YES;
				CLANG_WARN_INFINITE_RECURSION = YES;
				CLANG_WARN_INT_CONVERSION = YES;
				CLANG_WARN_NON_LITERAL_NULL_CONVERSION = YES;
				CLANG_WARN_OBJC_LITERAL_CONVERSION = YES;
				CLANG_WARN_OBJC_ROOT_CLASS = YES_ERROR;
				CLANG_WARN_RANGE_LOOP_ANALYSIS = YES;
				CLANG_WARN_STRICT_PROTOTYPES = YES;
				CLANG_WARN_SUSPICIOUS_MOVE = YES;
				CLANG_WARN_UNGUARDED_AVAILABILITY = YES_AGGRESSIVE;
				CLANG_WARN_UNREACHABLE_CODE = YES;
				CLANG_WARN__DUPLICATE_METHOD_MATCH = YES;
				CODE_SIGN_IDENTITY = "iPhone Developer";
				COPY_PHASE_STRIP = NO;
				DEBUG_INFORMATION_FORMAT = dwarf;
				ENABLE_STRICT_OBJC_MSGSEND = YES;
				ENABLE_TESTABILITY = YES;
				GCC_C_LANGUAGE_STANDARD = gnu11;
				GCC_DYNAMIC_NO_PIC = NO;
				GCC_NO_COMMON_BLOCKS = YES;
				GCC_OPTIMIZATION_LEVEL = 0;
				GCC_PREPROCESSOR_DEFINITIONS = (
					"DEBUG=1",
					"$(inherited)",
				);
				GCC_WARN_64_TO_32_BIT_CONVERSION = YES;
				GCC_WARN_ABOUT_RETURN_TYPE = YES_ERROR;
				GCC_WARN_UNDECLARED_SELECTOR = YES;
				GCC_WARN_UNINITIALIZED_AUTOS = YES_AGGRESSIVE;
				GCC_WARN_UNUSED_FUNCTION = YES;
				GCC_WARN_UNUSED_VARIABLE = YES;
				IPHONEOS_DEPLOYMENT_TARGET = 11.1;
				MTL_ENABLE_DEBUG_INFO = YES;
				ONLY_ACTIVE_ARCH = YES;
				SDKROOT = iphoneos;
				SWIFT_ACTIVE_COMPILATION_CONDITIONS = DEBUG;
				SWIFT_OPTIMIZATION_LEVEL = "-Onone";
			};
			name = Debug;
		};
		45F062B11FF6208500C96EC5 /* Release */ = {
			isa = XCBuildConfiguration;
			buildSettings = {
				ALWAYS_SEARCH_USER_PATHS = NO;
				CLANG_ANALYZER_NONNULL = YES;
				CLANG_ANALYZER_NUMBER_OBJECT_CONVERSION = YES_AGGRESSIVE;
				CLANG_CXX_LANGUAGE_STANDARD = "gnu++0x";
				CLANG_CXX_LIBRARY = "libc++";
				CLANG_ENABLE_MODULES = YES;
				CLANG_ENABLE_OBJC_ARC = YES;
				CLANG_WARN_BLOCK_CAPTURE_AUTORELEASING = YES;
				CLANG_WARN_BOOL_CONVERSION = YES;
				CLANG_WARN_COMMA = YES;
				CLANG_WARN_CONSTANT_CONVERSION = YES;
				CLANG_WARN_DIRECT_OBJC_ISA_USAGE = YES_ERROR;
				CLANG_WARN_DOCUMENTATION_COMMENTS = YES;
				CLANG_WARN_EMPTY_BODY = YES;
				CLANG_WARN_ENUM_CONVERSION = YES;
				CLANG_WARN_INFINITE_RECURSION = YES;
				CLANG_WARN_INT_CONVERSION = YES;
				CLANG_WARN_NON_LITERAL_NULL_CONVERSION = YES;
				CLANG_WARN_OBJC_LITERAL_CONVERSION = YES;
				CLANG_WARN_OBJC_ROOT_CLASS = YES_ERROR;
				CLANG_WARN_RANGE_LOOP_ANALYSIS = YES;
				CLANG_WARN_STRICT_PROTOTYPES = YES;
				CLANG_WARN_SUSPICIOUS_MOVE = YES;
				CLANG_WARN_UNGUARDED_AVAILABILITY = YES_AGGRESSIVE;
				CLANG_WARN_UNREACHABLE_CODE = YES;
				CLANG_WARN__DUPLICATE_METHOD_MATCH = YES;
				CODE_SIGN_IDENTITY = "iPhone Developer";
				COPY_PHASE_STRIP = NO;
				DEBUG_INFORMATION_FORMAT = "dwarf-with-dsym";
				ENABLE_NS_ASSERTIONS = NO;
				ENABLE_STRICT_OBJC_MSGSEND = YES;
				GCC_C_LANGUAGE_STANDARD = gnu11;
				GCC_NO_COMMON_BLOCKS = YES;
				GCC_WARN_64_TO_32_BIT_CONVERSION = YES;
				GCC_WARN_ABOUT_RETURN_TYPE = YES_ERROR;
				GCC_WARN_UNDECLARED_SELECTOR = YES;
				GCC_WARN_UNINITIALIZED_AUTOS = YES_AGGRESSIVE;
				GCC_WARN_UNUSED_FUNCTION = YES;
				GCC_WARN_UNUSED_VARIABLE = YES;
				IPHONEOS_DEPLOYMENT_TARGET = 11.1;
				MTL_ENABLE_DEBUG_INFO = NO;
				SDKROOT = iphoneos;
				SWIFT_OPTIMIZATION_LEVEL = "-Owholemodule";
				VALIDATE_PRODUCT = YES;
			};
			name = Release;
		};
		45F062B31FF6208500C96EC5 /* Debug */ = {
			isa = XCBuildConfiguration;
			baseConfigurationReference = DFA6A0EF692243F7A50444CC /* Pods-CCBigBang.debug.xcconfig */;
			buildSettings = {
				ALWAYS_EMBED_SWIFT_STANDARD_LIBRARIES = YES;
				ASSETCATALOG_COMPILER_APPICON_NAME = AppIcon;
				CLANG_ENABLE_MODULES = YES;
				CODE_SIGN_ENTITLEMENTS = CCBigBang/CCBigBang.entitlements;
				CODE_SIGN_STYLE = Automatic;
				DEVELOPMENT_TEAM = LXTMZWPQ5S;
				INFOPLIST_FILE = CCBigBang/Info.plist;
				IPHONEOS_DEPLOYMENT_TARGET = 8.0;
				LD_RUNPATH_SEARCH_PATHS = "$(inherited) @executable_path/Frameworks";
				PRODUCT_BUNDLE_IDENTIFIER = com.pcbdoor.CCBigBang;
				PRODUCT_NAME = "$(TARGET_NAME)";
				SWIFT_OBJC_BRIDGING_HEADER = "CCBigBang/CCBigBang-Bridging-Header.h";
				SWIFT_OPTIMIZATION_LEVEL = "-Onone";
				SWIFT_VERSION = 4.0;
				TARGETED_DEVICE_FAMILY = "1,2";
			};
			name = Debug;
		};
		45F062B41FF6208500C96EC5 /* Release */ = {
			isa = XCBuildConfiguration;
			baseConfigurationReference = B562178D7629C093EEEFE12B /* Pods-CCBigBang.release.xcconfig */;
			buildSettings = {
				ALWAYS_EMBED_SWIFT_STANDARD_LIBRARIES = YES;
				ASSETCATALOG_COMPILER_APPICON_NAME = AppIcon;
				CLANG_ENABLE_MODULES = YES;
				CODE_SIGN_ENTITLEMENTS = CCBigBang/CCBigBang.entitlements;
				CODE_SIGN_STYLE = Automatic;
				DEVELOPMENT_TEAM = LXTMZWPQ5S;
				INFOPLIST_FILE = CCBigBang/Info.plist;
				IPHONEOS_DEPLOYMENT_TARGET = 8.0;
				LD_RUNPATH_SEARCH_PATHS = "$(inherited) @executable_path/Frameworks";
				PRODUCT_BUNDLE_IDENTIFIER = com.pcbdoor.CCBigBang;
				PRODUCT_NAME = "$(TARGET_NAME)";
				SWIFT_OBJC_BRIDGING_HEADER = "CCBigBang/CCBigBang-Bridging-Header.h";
				SWIFT_VERSION = 4.0;
				TARGETED_DEVICE_FAMILY = "1,2";
			};
			name = Release;
		};
		45F959841FFE0A16004A1305 /* Debug */ = {
			isa = XCBuildConfiguration;
			baseConfigurationReference = DA34E8160E2A3712E7611114 /* Pods-CCBigBangExt.debug.xcconfig */;
			buildSettings = {
				CLANG_ENABLE_MODULES = YES;
				CODE_SIGN_ENTITLEMENTS = CCBigBangExt/CCBigBangExt.entitlements;
				CODE_SIGN_STYLE = Automatic;
				DEVELOPMENT_TEAM = LXTMZWPQ5S;
				INFOPLIST_FILE = CCBigBangExt/Info.plist;
				IPHONEOS_DEPLOYMENT_TARGET = 8.0;
				LD_RUNPATH_SEARCH_PATHS = "$(inherited) @executable_path/Frameworks @executable_path/../../Frameworks";
				PRODUCT_BUNDLE_IDENTIFIER = com.pcbdoor.CCBigBang.CCBigBangExt;
				PRODUCT_NAME = "$(TARGET_NAME)";
				SKIP_INSTALL = YES;
				SWIFT_OBJC_BRIDGING_HEADER = "CCBigBangExt/CCBigBangExt-Bridging-Header.h";
				SWIFT_OPTIMIZATION_LEVEL = "-Onone";
				SWIFT_VERSION = 4.0;
				TARGETED_DEVICE_FAMILY = "1,2";
			};
			name = Debug;
		};
		45F959851FFE0A16004A1305 /* Release */ = {
			isa = XCBuildConfiguration;
			baseConfigurationReference = DF46581CB2AD97A1A7457C2A /* Pods-CCBigBangExt.release.xcconfig */;
			buildSettings = {
				CLANG_ENABLE_MODULES = YES;
				CODE_SIGN_ENTITLEMENTS = CCBigBangExt/CCBigBangExt.entitlements;
				CODE_SIGN_STYLE = Automatic;
				DEVELOPMENT_TEAM = LXTMZWPQ5S;
				INFOPLIST_FILE = CCBigBangExt/Info.plist;
				IPHONEOS_DEPLOYMENT_TARGET = 8.0;
				LD_RUNPATH_SEARCH_PATHS = "$(inherited) @executable_path/Frameworks @executable_path/../../Frameworks";
				PRODUCT_BUNDLE_IDENTIFIER = com.pcbdoor.CCBigBang.CCBigBangExt;
				PRODUCT_NAME = "$(TARGET_NAME)";
				SKIP_INSTALL = YES;
				SWIFT_OBJC_BRIDGING_HEADER = "CCBigBangExt/CCBigBangExt-Bridging-Header.h";
				SWIFT_VERSION = 4.0;
				TARGETED_DEVICE_FAMILY = "1,2";
			};
			name = Release;
		};
/* End XCBuildConfiguration section */

/* Begin XCConfigurationList section */
		45F0629B1FF6208500C96EC5 /* Build configuration list for PBXProject "CCBigBang" */ = {
			isa = XCConfigurationList;
			buildConfigurations = (
				45F062B01FF6208500C96EC5 /* Debug */,
				45F062B11FF6208500C96EC5 /* Release */,
			);
			defaultConfigurationIsVisible = 0;
			defaultConfigurationName = Release;
		};
		45F062B21FF6208500C96EC5 /* Build configuration list for PBXNativeTarget "CCBigBang" */ = {
			isa = XCConfigurationList;
			buildConfigurations = (
				45F062B31FF6208500C96EC5 /* Debug */,
				45F062B41FF6208500C96EC5 /* Release */,
			);
			defaultConfigurationIsVisible = 0;
			defaultConfigurationName = Release;
		};
		45F959861FFE0A16004A1305 /* Build configuration list for PBXNativeTarget "CCBigBangExt" */ = {
			isa = XCConfigurationList;
			buildConfigurations = (
				45F959841FFE0A16004A1305 /* Debug */,
				45F959851FFE0A16004A1305 /* Release */,
			);
			defaultConfigurationIsVisible = 0;
			defaultConfigurationName = Release;
		};
/* End XCConfigurationList section */
	};
	rootObject = 45F062981FF6208500C96EC5 /* Project object */;
}
